# This file is automatically @generated by Cargo.
# It is not intended for manual editing.
version = 3

[[package]]
name = "app"
version = "0.1.0"
dependencies = [
 "memory",
 "mos6502",
]

[[package]]
name = "memory"
version = "0.1.0"

[[package]]
name = "mos6502"
version = "0.1.0"
dependencies = [
 "memory",
]
